<?xml version="1.0" encoding="utf-8"?>
<Project ToolsVersion="4.0" xmlns="http://schemas.microsoft.com/developer/msbuild/2003">
  <ItemGroup>
    <Filter Include="源文件">
      <UniqueIdentifier>{4FC737F1-C7A5-4376-A066-2A32D752A2FF}</UniqueIdentifier>
      <Extensions>cpp;c;cc;cxx;c++;cppm;ixx;def;odl;idl;hpj;bat;asm;asmx</Extensions>
    </Filter>
    <Filter Include="头文件">
      <UniqueIdentifier>{93995380-89BD-4b04-88EB-625FBE52EBFB}</UniqueIdentifier>
      <Extensions>h;hh;hpp;hxx;h++;hm;inl;inc;ipp;xsd</Extensions>
    </Filter>
    <Filter Include="资源文件">
      <UniqueIdentifier>{67DA6AB6-F800-4c08-8B7A-83BB121AAD01}</UniqueIdentifier>
      <Extensions>rc;ico;cur;bmp;dlg;rc2;rct;bin;rgs;gif;jpg;jpeg;jpe;resx;tiff;tif;png;wav;mfcribbon-ms</Extensions>
    </Filter>
    <Filter Include="Shaders">
      <UniqueIdentifier>{583835b7-f4ec-4c41-b1c7-cb0947424548}</UniqueIdentifier>
    </Filter>
    <Filter Include="头文件\Animation">
      <UniqueIdentifier>{c9b54343-d663-42ac-87a5-db9b165ed4af}</UniqueIdentifier>
    </Filter>
    <Filter Include="头文件\GLTF">
      <UniqueIdentifier>{4835755c-bd98-45a1-8a2b-4cca9e8faa04}</UniqueIdentifier>
    </Filter>
    <Filter Include="头文件\Math">
      <UniqueIdentifier>{a2471500-06a9-4467-8a46-364b2aff4526}</UniqueIdentifier>
    </Filter>
    <Filter Include="头文件\OpenGL">
      <UniqueIdentifier>{830a6b8e-a6e0-48c1-8f61-2831a434b9eb}</UniqueIdentifier>
    </Filter>
    <Filter Include="头文件\Window">
      <UniqueIdentifier>{5a106fa7-8608-484c-82b3-c18d53a76fcc}</UniqueIdentifier>
    </Filter>
    <Filter Include="源文件\OpenGL">
      <UniqueIdentifier>{66864a2b-4c34-426d-9cc2-9cbd2f9a026e}</UniqueIdentifier>
    </Filter>
    <Filter Include="源文件\GLTF">
      <UniqueIdentifier>{31ba90e6-9055-4228-aec3-34e8331738a5}</UniqueIdentifier>
    </Filter>
    <Filter Include="源文件\Math">
      <UniqueIdentifier>{e3b043c5-a2e8-4efd-b39a-2385db6af7fc}</UniqueIdentifier>
    </Filter>
    <Filter Include="源文件\Window">
      <UniqueIdentifier>{d6c3aba0-2357-451b-b1a4-9b0f9cd7c4ad}</UniqueIdentifier>
    </Filter>
    <Filter Include="源文件\Animation">
      <UniqueIdentifier>{7c77d0a4-6e76-4805-9fbc-899d37143bd2}</UniqueIdentifier>
    </Filter>
  </ItemGroup>
  <ItemGroup>
    <ClInclude Include="Sample.h">
      <Filter>头文件</Filter>
    </ClInclude>
    <ClInclude Include="DebugDraw.h">
      <Filter>头文件</Filter>
    </ClInclude>
    <ClInclude Include="Clip.h">
      <Filter>头文件\Animation</Filter>
    </ClInclude>
    <ClInclude Include="Pose.h">
      <Filter>头文件\Animation</Filter>
    </ClInclude>
    <ClInclude Include="Track.h">
      <Filter>头文件\Animation</Filter>
    </ClInclude>
    <ClInclude Include="TransformTrack.h">
      <Filter>头文件\Animation</Filter>
    </ClInclude>
    <ClInclude Include="cgltf.h">
      <Filter>头文件\GLTF</Filter>
    </ClInclude>
    <ClInclude Include="GLTFLoader.h">
      <Filter>头文件\GLTF</Filter>
    </ClInclude>
    <ClInclude Include="vec2.h">
      <Filter>头文件\Math</Filter>
    </ClInclude>
    <ClInclude Include="vec3.h">
      <Filter>头文件\Math</Filter>
    </ClInclude>
    <ClInclude Include="vec4.h">
      <Filter>头文件\Math</Filter>
    </ClInclude>
    <ClInclude Include="quat.h">
      <Filter>头文件\Math</Filter>
    </ClInclude>
    <ClInclude Include="mat4.h">
      <Filter>头文件\Math</Filter>
    </ClInclude>
    <ClInclude Include="Transform.h">
      <Filter>头文件\Math</Filter>
    </ClInclude>
    <ClInclude Include="Draw.h">
      <Filter>头文件\OpenGL</Filter>
    </ClInclude>
    <ClInclude Include="Attribute.h">
      <Filter>头文件\OpenGL</Filter>
    </ClInclude>
    <ClInclude Include="IndexBuffer.h">
      <Filter>头文件\OpenGL</Filter>
    </ClInclude>
    <ClInclude Include="Shader.h">
      <Filter>头文件\OpenGL</Filter>
    </ClInclude>
    <ClInclude Include="stb_image.h">
      <Filter>头文件\OpenGL</Filter>
    </ClInclude>
    <ClInclude Include="Texture.h">
      <Filter>头文件\OpenGL</Filter>
    </ClInclude>
    <ClInclude Include="Uniform.h">
      <Filter>头文件\OpenGL</Filter>
    </ClInclude>
    <ClInclude Include="Frame.h">
      <Filter>头文件\Animation</Filter>
    </ClInclude>
    <ClInclude Include="Interpolation.h">
      <Filter>头文件\Animation</Filter>
    </ClInclude>
    <ClInclude Include="Application.h">
      <Filter>头文件\Window</Filter>
    </ClInclude>
    <ClInclude Include="glad.h">
      <Filter>头文件\Window</Filter>
    </ClInclude>
    <ClInclude Include="khrplatform.h">
      <Filter>头文件\Window</Filter>
    </ClInclude>
  </ItemGroup>
  <ItemGroup>
    <ClCompile Include="Sample.cpp">
      <Filter>源文件</Filter>
    </ClCompile>
    <ClCompile Include="DebugDraw.cpp">
      <Filter>源文件</Filter>
    </ClCompile>
    <ClCompile Include="Attribute.cpp">
      <Filter>源文件\OpenGL</Filter>
    </ClCompile>
    <ClCompile Include="Draw.cpp">
      <Filter>源文件\OpenGL</Filter>
    </ClCompile>
    <ClCompile Include="IndexBuffer.cpp">
      <Filter>源文件\OpenGL</Filter>
    </ClCompile>
    <ClCompile Include="Shader.cpp">
      <Filter>源文件\OpenGL</Filter>
    </ClCompile>
    <ClCompile Include="stb_image.cpp">
      <Filter>源文件\OpenGL</Filter>
    </ClCompile>
    <ClCompile Include="Texture.cpp">
      <Filter>源文件\OpenGL</Filter>
    </ClCompile>
    <ClCompile Include="Uniform.cpp">
      <Filter>源文件\OpenGL</Filter>
    </ClCompile>
    <ClCompile Include="GLTFLoader.cpp">
      <Filter>源文件\GLTF</Filter>
    </ClCompile>
    <ClCompile Include="cgltf.c">
      <Filter>源文件\GLTF</Filter>
    </ClCompile>
    <ClCompile Include="mat4.cpp">
      <Filter>源文件\Math</Filter>
    </ClCompile>
    <ClCompile Include="quat.cpp">
      <Filter>源文件\Math</Filter>
    </ClCompile>
    <ClCompile Include="vec3.cpp">
      <Filter>源文件\Math</Filter>
    </ClCompile>
    <ClCompile Include="Transform.cpp">
      <Filter>源文件\Math</Filter>
    </ClCompile>
    <ClCompile Include="glad.c">
      <Filter>源文件\Window</Filter>
    </ClCompile>
    <ClCompile Include="WinMain.cpp">
      <Filter>源文件\Window</Filter>
    </ClCompile>
    <ClCompile Include="Clip.cpp">
      <Filter>源文件\Animation</Filter>
    </ClCompile>
    <ClCompile Include="Pose.cpp">
      <Filter>源文件\Animation</Filter>
    </ClCompile>
    <ClCompile Include="Track.cpp">
      <Filter>源文件\Animation</Filter>
    </ClCompile>
    <ClCompile Include="TransformTrack.cpp">
      <Filter>源文件\Animation</Filter>
    </ClCompile>
  </ItemGroup>
  <ItemGroup>
    <None Include="Shaders\lit.frag">
      <Filter>Shaders</Filter>
    </None>
    <None Include="Shaders\static.vert">
      <Filter>Shaders</Filter>
    </None>
  </ItemGroup>
</Project>